
Microsoft Visual Studio Solution File, Format Version 12.00
# Visual Studio Version 16
VisualStudioVersion = 16.0.32106.194
MinimumVisualStudioVersion = 10.0.40219.1
Project("{FAE04EC0-301F-11D3-BF4B-00C04F79EFBC}") = "TextValidator", "TextValidator\TextValidator.csproj", "{7F00ECF7-6D58-46D7-B4D4-1AC592BAC42B}"
EndProject
Global
	GlobalSection(SolutionConfigurationPlatforms) = preSolution
		Debug|Any CPU = Debug|Any CPU
		Release|Any CPU = Release|Any CPU
	EndGlobalSection
	GlobalSection(ProjectConfigurationPlatforms) = postSolution
		{7F00ECF7-6D58-46D7-B4D4-1AC592BAC42B}.Debug|Any CPU.ActiveCfg = Debug|Any CPU
		{7F00ECF7-6D58-46D7-B4D4-1AC592BAC42B}.Debug|Any CPU.Build.0 = Debug|Any CPU
		{7F00ECF7-6D58-46D7-B4D4-1AC592BAC42B}.Release|Any CPU.ActiveCfg = Release|Any CPU
		{7F00ECF7-6D58-46D7-B4D4-1AC592BAC42B}.Release|Any CPU.Build.0 = Release|Any CPU
	EndGlobalSection
	GlobalSection(SolutionProperties) = preSolution
		HideSolutionNode = FALSE
	EndGlobalSection
	GlobalSection(ExtensibilityGlobals) = postSolution
		SolutionGuid = {E90D1824-6CC9-4F29-9BED-BC7F2D9EE849}
	EndGlobalSection
EndGlobal
